// !$*UTF8*$!
{
	archiveVersion = 1;
	classes = {
	};
	objectVersion = 56;
	objects = {

/* Begin PBXBuildFile section */
		D120DAF92A7D62380047E422 /* HomeViewController.swift in Sources */ = {isa = PBXBuildFile; fileRef = D120DAF82A7D62380047E422 /* HomeViewController.swift */; };
		D120DAFC2A7D62960047E422 /* SearchViewController.swift in Sources */ = {isa = PBXBuildFile; fileRef = D120DAFB2A7D62960047E422 /* SearchViewController.swift */; };
		D120DAFE2A7D62C50047E422 /* OrderViewController.swift in Sources */ = {isa = PBXBuildFile; fileRef = D120DAFD2A7D62C50047E422 /* OrderViewController.swift */; };
		D120DB002A7D62E10047E422 /* ProfileViewController.swift in Sources */ = {isa = PBXBuildFile; fileRef = D120DAFF2A7D62E10047E422 /* ProfileViewController.swift */; };
		D1C527D52A894D0000412C31 /* WelcomeViewController.swift in Sources */ = {isa = PBXBuildFile; fileRef = D1C527D42A894D0000412C31 /* WelcomeViewController.swift */; };
		D1C527D72A894DAA00412C31 /* ForgotPasswordViewController.swift in Sources */ = {isa = PBXBuildFile; fileRef = D1C527D62A894DAA00412C31 /* ForgotPasswordViewController.swift */; };
		D1C527D92A894E1900412C31 /* EmailSentViewController.swift in Sources */ = {isa = PBXBuildFile; fileRef = D1C527D82A894E1900412C31 /* EmailSentViewController.swift */; };
		D1C527DB2A894E8900412C31 /* WelcomePageViewController.swift in Sources */ = {isa = PBXBuildFile; fileRef = D1C527DA2A894E8900412C31 /* WelcomePageViewController.swift */; };
		D1C748932A6DE7DD002254A6 /* AppDelegate.swift in Sources */ = {isa = PBXBuildFile; fileRef = D1C748922A6DE7DD002254A6 /* AppDelegate.swift */; };
		D1C748952A6DE7DD002254A6 /* SceneDelegate.swift in Sources */ = {isa = PBXBuildFile; fileRef = D1C748942A6DE7DD002254A6 /* SceneDelegate.swift */; };
		D1C748972A6DE7DD002254A6 /* ViewController.swift in Sources */ = {isa = PBXBuildFile; fileRef = D1C748962A6DE7DD002254A6 /* ViewController.swift */; };
		D1C7489A2A6DE7DD002254A6 /* Main.storyboard in Resources */ = {isa = PBXBuildFile; fileRef = D1C748982A6DE7DD002254A6 /* Main.storyboard */; };
		D1C7489C2A6DE7DF002254A6 /* Assets.xcassets in Resources */ = {isa = PBXBuildFile; fileRef = D1C7489B2A6DE7DF002254A6 /* Assets.xcassets */; };
		D1C7489F2A6DE7DF002254A6 /* LaunchScreen.storyboard in Resources */ = {isa = PBXBuildFile; fileRef = D1C7489D2A6DE7DF002254A6 /* LaunchScreen.storyboard */; };
		D1CF2AF42A75A4B5004EA1F0 /* YellowButton.swift in Sources */ = {isa = PBXBuildFile; fileRef = D1CF2AF32A75A4B5004EA1F0 /* YellowButton.swift */; };
/* End PBXBuildFile section */

/* Begin PBXFileReference section */
		D120DAF82A7D62380047E422 /* HomeViewController.swift */ = {isa = PBXFileReference; lastKnownFileType = sourcecode.swift; path = HomeViewController.swift; sourceTree = "<group>"; };
		D120DAFB2A7D62960047E422 /* SearchViewController.swift */ = {isa = PBXFileReference; lastKnownFileType = sourcecode.swift; path = SearchViewController.swift; sourceTree = "<group>"; };
		D120DAFD2A7D62C50047E422 /* OrderViewController.swift */ = {isa = PBXFileReference; lastKnownFileType = sourcecode.swift; path = OrderViewController.swift; sourceTree = "<group>"; };
		D120DAFF2A7D62E10047E422 /* ProfileViewController.swift */ = {isa = PBXFileReference; lastKnownFileType = sourcecode.swift; path = ProfileViewController.swift; sourceTree = "<group>"; };
		D1C527D42A894D0000412C31 /* WelcomeViewController.swift */ = {isa = PBXFileReference; lastKnownFileType = sourcecode.swift; path = WelcomeViewController.swift; sourceTree = "<group>"; };
		D1C527D62A894DAA00412C31 /* ForgotPasswordViewController.swift */ = {isa = PBXFileReference; lastKnownFileType = sourcecode.swift; path = ForgotPasswordViewController.swift; sourceTree = "<group>"; };
		D1C527D82A894E1900412C31 /* EmailSentViewController.swift */ = {isa = PBXFileReference; lastKnownFileType = sourcecode.swift; path = EmailSentViewController.swift; sourceTree = "<group>"; };
		D1C527DA2A894E8900412C31 /* WelcomePageViewController.swift */ = {isa = PBXFileReference; lastKnownFileType = sourcecode.swift; path = WelcomePageViewController.swift; sourceTree = "<group>"; };
		D1C7488F2A6DE7DD002254A6 /* FoodApp.app */ = {isa = PBXFileReference; explicitFileType = wrapper.application; includeInIndex = 0; path = FoodApp.app; sourceTree = BUILT_PRODUCTS_DIR; };
		D1C748922A6DE7DD002254A6 /* AppDelegate.swift */ = {isa = PBXFileReference; lastKnownFileType = sourcecode.swift; path = AppDelegate.swift; sourceTree = "<group>"; };
		D1C748942A6DE7DD002254A6 /* SceneDelegate.swift */ = {isa = PBXFileReference; lastKnownFileType = sourcecode.swift; path = SceneDelegate.swift; sourceTree = "<group>"; };
		D1C748962A6DE7DD002254A6 /* ViewController.swift */ = {isa = PBXFileReference; lastKnownFileType = sourcecode.swift; path = ViewController.swift; sourceTree = "<group>"; };
		D1C748992A6DE7DD002254A6 /* Base */ = {isa = PBXFileReference; lastKnownFileType = file.storyboard; name = Base; path = Base.lproj/Main.storyboard; sourceTree = "<group>"; };
		D1C7489B2A6DE7DF002254A6 /* Assets.xcassets */ = {isa = PBXFileReference; lastKnownFileType = folder.assetcatalog; path = Assets.xcassets; sourceTree = "<group>"; };
		D1C7489E2A6DE7DF002254A6 /* Base */ = {isa = PBXFileReference; lastKnownFileType = file.storyboard; name = Base; path = Base.lproj/LaunchScreen.storyboard; sourceTree = "<group>"; };
		D1C748A02A6DE7DF002254A6 /* Info.plist */ = {isa = PBXFileReference; lastKnownFileType = text.plist.xml; path = Info.plist; sourceTree = "<group>"; };
		D1CF2AF32A75A4B5004EA1F0 /* YellowButton.swift */ = {isa = PBXFileReference; lastKnownFileType = sourcecode.swift; path = YellowButton.swift; sourceTree = "<group>"; };
/* End PBXFileReference section */

/* Begin PBXFrameworksBuildPhase section */
		D1C7488C2A6DE7DD002254A6 /* Frameworks */ = {
			isa = PBXFrameworksBuildPhase;
			buildActionMask = 2147483647;
			files = (
			);
			runOnlyForDeploymentPostprocessing = 0;
		};
/* End PBXFrameworksBuildPhase section */

/* Begin PBXGroup section */
		D120DAFA2A7D62420047E422 /* TabBar */ = {
			isa = PBXGroup;
			children = (
				D120DAF82A7D62380047E422 /* HomeViewController.swift */,
				D120DAFB2A7D62960047E422 /* SearchViewController.swift */,
				D120DAFD2A7D62C50047E422 /* OrderViewController.swift */,
				D120DAFF2A7D62E10047E422 /* ProfileViewController.swift */,
			);
			path = TabBar;
			sourceTree = "<group>";
		};
		D1C527D32A894CD800412C31 /* Onboarding */ = {
			isa = PBXGroup;
			children = (
				D1C748962A6DE7DD002254A6 /* ViewController.swift */,
				D1C527D42A894D0000412C31 /* WelcomeViewController.swift */,
				D1C527D62A894DAA00412C31 /* ForgotPasswordViewController.swift */,
				D1C527D82A894E1900412C31 /* EmailSentViewController.swift */,
				D1C527DA2A894E8900412C31 /* WelcomePageViewController.swift */,
			);
			path = Onboarding;
			sourceTree = "<group>";
		};
		D1C748862A6DE7DD002254A6 = {
			isa = PBXGroup;
			children = (
				D1C748912A6DE7DD002254A6 /* FoodApp */,
				D1C748902A6DE7DD002254A6 /* Products */,
			);
			sourceTree = "<group>";
		};
		D1C748902A6DE7DD002254A6 /* Products */ = {
			isa = PBXGroup;
			children = (
				D1C7488F2A6DE7DD002254A6 /* FoodApp.app */,
			);
			name = Products;
			sourceTree = "<group>";
		};
		D1C748912A6DE7DD002254A6 /* FoodApp */ = {
			isa = PBXGroup;
			children = (
				D1C527D32A894CD800412C31 /* Onboarding */,
				D120DAFA2A7D62420047E422 /* TabBar */,
				D1C748922A6DE7DD002254A6 /* AppDelegate.swift */,
				D1C748942A6DE7DD002254A6 /* SceneDelegate.swift */,
				D1C748982A6DE7DD002254A6 /* Main.storyboard */,
				D1C7489B2A6DE7DF002254A6 /* Assets.xcassets */,
				D1C7489D2A6DE7DF002254A6 /* LaunchScreen.storyboard */,
				D1C748A02A6DE7DF002254A6 /* Info.plist */,
				D1CF2AF22A75A48A004EA1F0 /* CustomView */,
			);
			path = FoodApp;
			sourceTree = "<group>";
		};
		D1CF2AF22A75A48A004EA1F0 /* CustomView */ = {
			isa = PBXGroup;
			children = (
				D1CF2AF32A75A4B5004EA1F0 /* YellowButton.swift */,
			);
			path = CustomView;
			sourceTree = "<group>";
		};
/* End PBXGroup section */

/* Begin PBXNativeTarget section */
		D1C7488E2A6DE7DD002254A6 /* FoodApp */ = {
			isa = PBXNativeTarget;
			buildConfigurationList = D1C748A32A6DE7DF002254A6 /* Build configuration list for PBXNativeTarget "FoodApp" */;
			buildPhases = (
				D1C7488B2A6DE7DD002254A6 /* Sources */,
				D1C7488C2A6DE7DD002254A6 /* Frameworks */,
				D1C7488D2A6DE7DD002254A6 /* Resources */,
			);
			buildRules = (
			);
			dependencies = (
			);
			name = FoodApp;
			productName = FoodApp;
			productReference = D1C7488F2A6DE7DD002254A6 /* FoodApp.app */;
			productType = "com.apple.product-type.application";
		};
/* End PBXNativeTarget section */

/* Begin PBXProject section */
		D1C748872A6DE7DD002254A6 /* Project object */ = {
			isa = PBXProject;
			attributes = {
				BuildIndependentTargetsInParallel = 1;
				LastSwiftUpdateCheck = 1430;
				LastUpgradeCheck = 1430;
				TargetAttributes = {
					D1C7488E2A6DE7DD002254A6 = {
						CreatedOnToolsVersion = 14.3.1;
					};
				};
			};
			buildConfigurationList = D1C7488A2A6DE7DD002254A6 /* Build configuration list for PBXProject "FoodApp" */;
			compatibilityVersion = "Xcode 14.0";
			developmentRegion = en;
			hasScannedForEncodings = 0;
			knownRegions = (
				en,
				Base,
			);
			mainGroup = D1C748862A6DE7DD002254A6;
			productRefGroup = D1C748902A6DE7DD002254A6 /* Products */;
			projectDirPath = "";
			projectRoot = "";
			targets = (
				D1C7488E2A6DE7DD002254A6 /* FoodApp */,
			);
		};
/* End PBXProject section */

/* Begin PBXResourcesBuildPhase section */
		D1C7488D2A6DE7DD002254A6 /* Resources */ = {
			isa = PBXResourcesBuildPhase;
			buildActionMask = 2147483647;
			files = (
				D1C7489F2A6DE7DF002254A6 /* LaunchScreen.storyboard in Resources */,
				D1C7489C2A6DE7DF002254A6 /* Assets.xcassets in Resources */,
				D1C7489A2A6DE7DD002254A6 /* Main.storyboard in Resources */,
			);
			runOnlyForDeploymentPostprocessing = 0;
		};
/* End PBXResourcesBuildPhase section */

/* Begin PBXSourcesBuildPhase section */
		D1C7488B2A6DE7DD002254A6 /* Sources */ = {
			isa = PBXSourcesBuildPhase;
			buildActionMask = 2147483647;
			files = (
				D1C527D52A894D0000412C31 /* WelcomeViewController.swift in Sources */,
				D120DAFC2A7D62960047E422 /* SearchViewController.swift in Sources */,
				D120DAF92A7D62380047E422 /* HomeViewController.swift in Sources */,
				D1C748972A6DE7DD002254A6 /* ViewController.swift in Sources */,
				D120DAFE2A7D62C50047E422 /* OrderViewController.swift in Sources */,
				D1CF2AF42A75A4B5004EA1F0 /* YellowButton.swift in Sources */,
				D1C527D72A894DAA00412C31 /* ForgotPasswordViewController.swift in Sources */,
				D1C748932A6DE7DD002254A6 /* AppDelegate.swift in Sources */,
				D1C527D92A894E1900412C31 /* EmailSentViewController.swift in Sources */,
				D120DB002A7D62E10047E422 /* ProfileViewController.swift in Sources */,
				D1C527DB2A894E8900412C31 /* WelcomePageViewController.swift in Sources */,
				D1C748952A6DE7DD002254A6 /* SceneDelegate.swift in Sources */,
			);
			runOnlyForDeploymentPostprocessing = 0;
		};
/* End PBXSourcesBuildPhase section */

/* Begin PBXVariantGroup section */
		D1C748982A6DE7DD002254A6 /* Main.storyboard */ = {
			isa = PBXVariantGroup;
			children = (
				D1C748992A6DE7DD002254A6 /* Base */,
			);
			name = Main.storyboard;
			sourceTree = "<group>";
		};
		D1C7489D2A6DE7DF002254A6 /* LaunchScreen.storyboard */ = {
			isa = PBXVariantGroup;
			children = (
				D1C7489E2A6DE7DF002254A6 /* Base */,
			);
			name = LaunchScreen.storyboard;
			sourceTree = "<group>";
		};
/* End PBXVariantGroup section */

/* Begin XCBuildConfiguration section */
		D1C748A12A6DE7DF002254A6 /* Debug */ = {
			isa = XCBuildConfiguration;
			buildSettings = {
				ALWAYS_SEARCH_USER_PATHS = NO;
				CLANG_ANALYZER_NONNULL = YES;
				CLANG_ANALYZER_NUMBER_OBJECT_CONVERSION = YES_AGGRESSIVE;
				CLANG_CXX_LANGUAGE_STANDARD = "gnu++20";
				CLANG_ENABLE_MODULES = YES;
				CLANG_ENABLE_OBJC_ARC = YES;
				CLANG_ENABLE_OBJC_WEAK = YES;
				CLANG_WARN_BLOCK_CAPTURE_AUTORELEASING = YES;
				CLANG_WARN_BOOL_CONVERSION = YES;
				CLANG_WARN_COMMA = YES;
				CLANG_WARN_CONSTANT_CONVERSION = YES;
				CLANG_WARN_DEPRECATED_OBJC_IMPLEMENTATIONS = YES;
				CLANG_WARN_DIRECT_OBJC_ISA_USAGE = YES_ERROR;
				CLANG_WARN_DOCUMENTATION_COMMENTS = YES;
				CLANG_WARN_EMPTY_BODY = YES;
				CLANG_WARN_ENUM_CONVERSION = YES;
				CLANG_WARN_INFINITE_RECURSION = YES;
				CLANG_WARN_INT_CONVERSION = YES;
				CLANG_WARN_NON_LITERAL_NULL_CONVERSION = YES;
				CLANG_WARN_OBJC_IMPLICIT_RETAIN_SELF = YES;
				CLANG_WARN_OBJC_LITERAL_CONVERSION = YES;
				CLANG_WARN_OBJC_ROOT_CLASS = YES_ERROR;
				CLANG_WARN_QUOTED_INCLUDE_IN_FRAMEWORK_HEADER = YES;
				CLANG_WARN_RANGE_LOOP_ANALYSIS = YES;
				CLANG_WARN_STRICT_PROTOTYPES = YES;
				CLANG_WARN_SUSPICIOUS_MOVE = YES;
				CLANG_WARN_UNGUARDED_AVAILABILITY = YES_AGGRESSIVE;
				CLANG_WARN_UNREACHABLE_CODE = YES;
				CLANG_WARN__DUPLICATE_METHOD_MATCH = YES;
				COPY_PHASE_STRIP = NO;
				DEBUG_INFORMATION_FORMAT = dwarf;
				ENABLE_STRICT_OBJC_MSGSEND = YES;
				ENABLE_TESTABILITY = YES;
				GCC_C_LANGUAGE_STANDARD = gnu11;
				GCC_DYNAMIC_NO_PIC = NO;
				GCC_NO_COMMON_BLOCKS = YES;
				GCC_OPTIMIZATION_LEVEL = 0;
				GCC_PREPROCESSOR_DEFINITIONS = (
					"DEBUG=1",
					"$(inherited)",
				);
				GCC_WARN_64_TO_32_BIT_CONVERSION = YES;
				GCC_WARN_ABOUT_RETURN_TYPE = YES_ERROR;
				GCC_WARN_UNDECLARED_SELECTOR = YES;
				GCC_WARN_UNINITIALIZED_AUTOS = YES_AGGRESSIVE;
				GCC_WARN_UNUSED_FUNCTION = YES;
				GCC_WARN_UNUSED_VARIABLE = YES;
				IPHONEOS_DEPLOYMENT_TARGET = 16.4;
				MTL_ENABLE_DEBUG_INFO = INCLUDE_SOURCE;
				MTL_FAST_MATH = YES;
				ONLY_ACTIVE_ARCH = YES;
				SDKROOT = iphoneos;
				SWIFT_ACTIVE_COMPILATION_CONDITIONS = DEBUG;
				SWIFT_OPTIMIZATION_LEVEL = "-Onone";
			};
			name = Debug;
		};
		D1C748A22A6DE7DF002254A6 /* Release */ = {
			isa = XCBuildConfiguration;
			buildSettings = {
				ALWAYS_SEARCH_USER_PATHS = NO;
				CLANG_ANALYZER_NONNULL = YES;
				CLANG_ANALYZER_NUMBER_OBJECT_CONVERSION = YES_AGGRESSIVE;
				CLANG_CXX_LANGUAGE_STANDARD = "gnu++20";
				CLANG_ENABLE_MODULES = YES;
				CLANG_ENABLE_OBJC_ARC = YES;
				CLANG_ENABLE_OBJC_WEAK = YES;
				CLANG_WARN_BLOCK_CAPTURE_AUTORELEASING = YES;
				CLANG_WARN_BOOL_CONVERSION = YES;
				CLANG_WARN_COMMA = YES;
				CLANG_WARN_CONSTANT_CONVERSION = YES;
				CLANG_WARN_DEPRECATED_OBJC_IMPLEMENTATIONS = YES;
				CLANG_WARN_DIRECT_OBJC_ISA_USAGE = YES_ERROR;
				CLANG_WARN_DOCUMENTATION_COMMENTS = YES;
				CLANG_WARN_EMPTY_BODY = YES;
				CLANG_WARN_ENUM_CONVERSION = YES;
				CLANG_WARN_INFINITE_RECURSION = YES;
				CLANG_WARN_INT_CONVERSION = YES;
				CLANG_WARN_NON_LITERAL_NULL_CONVERSION = YES;
				CLANG_WARN_OBJC_IMPLICIT_RETAIN_SELF = YES;
				CLANG_WARN_OBJC_LITERAL_CONVERSION = YES;
				CLANG_WARN_OBJC_ROOT_CLASS = YES_ERROR;
				CLANG_WARN_QUOTED_INCLUDE_IN_FRAMEWORK_HEADER = YES;
				CLANG_WARN_RANGE_LOOP_ANALYSIS = YES;
				CLANG_WARN_STRICT_PROTOTYPES = YES;
				CLANG_WARN_SUSPICIOUS_MOVE = YES;
				CLANG_WARN_UNGUARDED_AVAILABILITY = YES_AGGRESSIVE;
				CLANG_WARN_UNREACHABLE_CODE = YES;
				CLANG_WARN__DUPLICATE_METHOD_MATCH = YES;
				COPY_PHASE_STRIP = NO;
				DEBUG_INFORMATION_FORMAT = "dwarf-with-dsym";
				ENABLE_NS_ASSERTIONS = NO;
				ENABLE_STRICT_OBJC_MSGSEND = YES;
				GCC_C_LANGUAGE_STANDARD = gnu11;
				GCC_NO_COMMON_BLOCKS = YES;
				GCC_WARN_64_TO_32_BIT_CONVERSION = YES;
				GCC_WARN_ABOUT_RETURN_TYPE = YES_ERROR;
				GCC_WARN_UNDECLARED_SELECTOR = YES;
				GCC_WARN_UNINITIALIZED_AUTOS = YES_AGGRESSIVE;
				GCC_WARN_UNUSED_FUNCTION = YES;
				GCC_WARN_UNUSED_VARIABLE = YES;
				IPHONEOS_DEPLOYMENT_TARGET = 16.4;
				MTL_ENABLE_DEBUG_INFO = NO;
				MTL_FAST_MATH = YES;
				SDKROOT = iphoneos;
				SWIFT_COMPILATION_MODE = wholemodule;
				SWIFT_OPTIMIZATION_LEVEL = "-O";
				VALIDATE_PRODUCT = YES;
			};
			name = Release;
		};
		D1C748A42A6DE7DF002254A6 /* Debug */ = {
			isa = XCBuildConfiguration;
			buildSettings = {
				ASSETCATALOG_COMPILER_APPICON_NAME = AppIcon;
				ASSETCATALOG_COMPILER_GLOBAL_ACCENT_COLOR_NAME = AccentColor;
				CODE_SIGN_STYLE = Automatic;
				CURRENT_PROJECT_VERSION = 1;
				DEVELOPMENT_TEAM = XRXPRG4CQ7;
				GENERATE_INFOPLIST_FILE = YES;
				INFOPLIST_FILE = FoodApp/Info.plist;
				INFOPLIST_KEY_UIApplicationSupportsIndirectInputEvents = YES;
				INFOPLIST_KEY_UILaunchStoryboardName = LaunchScreen;
				INFOPLIST_KEY_UIMainStoryboardFile = Main;
				INFOPLIST_KEY_UISupportedInterfaceOrientations_iPad = "UIInterfaceOrientationPortrait UIInterfaceOrientationPortraitUpsideDown UIInterfaceOrientationLandscapeLeft UIInterfaceOrientationLandscapeRight";
				INFOPLIST_KEY_UISupportedInterfaceOrientations_iPhone = "UIInterfaceOrientationPortrait UIInterfaceOrientationLandscapeLeft UIInterfaceOrientationLandscapeRight";
				LD_RUNPATH_SEARCH_PATHS = (
					"$(inherited)",
					"@executable_path/Frameworks",
				);
				MARKETING_VERSION = 1.0;
				PRODUCT_BUNDLE_IDENTIFIER = com.temitemi.FoodApp;
				PRODUCT_NAME = "$(TARGET_NAME)";
				SWIFT_EMIT_LOC_STRINGS = YES;
				SWIFT_VERSION = 5.0;
				TARGETED_DEVICE_FAMILY = "1,2";
			};
			name = Debug;
		};
		D1C748A52A6DE7DF002254A6 /* Release */ = {
			isa = XCBuildConfiguration;
			buildSettings = {
				ASSETCATALOG_COMPILER_APPICON_NAME = AppIcon;
				ASSETCATALOG_COMPILER_GLOBAL_ACCENT_COLOR_NAME = AccentColor;
				CODE_SIGN_STYLE = Automatic;
				CURRENT_PROJECT_VERSION = 1;
				DEVELOPMENT_TEAM = XRXPRG4CQ7;
				GENERATE_INFOPLIST_FILE = YES;
				INFOPLIST_FILE = FoodApp/Info.plist;
				INFOPLIST_KEY_UIApplicationSupportsIndirectInputEvents = YES;
				INFOPLIST_KEY_UILaunchStoryboardName = LaunchScreen;
				INFOPLIST_KEY_UIMainStoryboardFile = Main;
				INFOPLIST_KEY_UISupportedInterfaceOrientations_iPad = "UIInterfaceOrientationPortrait UIInterfaceOrientationPortraitUpsideDown UIInterfaceOrientationLandscapeLeft UIInterfaceOrientationLandscapeRight";
				INFOPLIST_KEY_UISupportedInterfaceOrientations_iPhone = "UIInterfaceOrientationPortrait UIInterfaceOrientationLandscapeLeft UIInterfaceOrientationLandscapeRight";
				LD_RUNPATH_SEARCH_PATHS = (
					"$(inherited)",
					"@executable_path/Frameworks",
				);
				MARKETING_VERSION = 1.0;
				PRODUCT_BUNDLE_IDENTIFIER = com.temitemi.FoodApp;
				PRODUCT_NAME = "$(TARGET_NAME)";
				SWIFT_EMIT_LOC_STRINGS = YES;
				SWIFT_VERSION = 5.0;
				TARGETED_DEVICE_FAMILY = "1,2";
			};
			name = Release;
		};
/* End XCBuildConfiguration section */

/* Begin XCConfigurationList section */
		D1C7488A2A6DE7DD002254A6 /* Build configuration list for PBXProject "FoodApp" */ = {
			isa = XCConfigurationList;
			buildConfigurations = (
				D1C748A12A6DE7DF002254A6 /* Debug */,
				D1C748A22A6DE7DF002254A6 /* Release */,
			);
			defaultConfigurationIsVisible = 0;
			defaultConfigurationName = Release;
		};
		D1C748A32A6DE7DF002254A6 /* Build configuration list for PBXNativeTarget "FoodApp" */ = {
			isa = XCConfigurationList;
			buildConfigurations = (
				D1C748A42A6DE7DF002254A6 /* Debug */,
				D1C748A52A6DE7DF002254A6 /* Release */,
			);
			defaultConfigurationIsVisible = 0;
			defaultConfigurationName = Release;
		};
/* End XCConfigurationList section */
	};
	rootObject = D1C748872A6DE7DD002254A6 /* Project object */;
}
